
Microsoft Visual Studio Solution File, Format Version 12.00
# Visual Studio Version 17
VisualStudioVersion = 17.2.32616.157
MinimumVisualStudioVersion = 10.0.40219.1
Project("{FAE04EC0-301F-11D3-BF4B-00C04F79EFBC}") = "Login", "Login.csproj", "{B7F90D6C-86BC-4D99-AFA5-FAF45E3DA8BA}"
EndProject
Global
	GlobalSection(SolutionConfigurationPlatforms) = preSolution
		Debug|Any CPU = Debug|Any CPU
		Release|Any CPU = Release|Any CPU
	EndGlobalSection
	GlobalSection(ProjectConfigurationPlatforms) = postSolution
		{B7F90D6C-86BC-4D99-AFA5-FAF45E3DA8BA}.Debug|Any CPU.ActiveCfg = Debug|Any CPU
		{B7F90D6C-86BC-4D99-AFA5-FAF45E3DA8BA}.Debug|Any CPU.Build.0 = Debug|Any CPU
		{B7F90D6C-86BC-4D99-AFA5-FAF45E3DA8BA}.Release|Any CPU.ActiveCfg = Release|Any CPU
		{B7F90D6C-86BC-4D99-AFA5-FAF45E3DA8BA}.Release|Any CPU.Build.0 = Release|Any CPU
	EndGlobalSection
	GlobalSection(SolutionProperties) = preSolution
		HideSolutionNode = FALSE
	EndGlobalSection
	GlobalSection(ExtensibilityGlobals) = postSolution
		SolutionGuid = {99C0E52B-1727-41D5-B3FF-10BD81538BB7}
	EndGlobalSection
EndGlobal
